// !$*UTF8*$!
{
	archiveVersion = 1;
	classes = {
	};
	objectVersion = 48;
	objects = {

/* Begin PBXBuildFile section */
		A1B2C3D401F0A00100000004 /* InfoPlist.strings in Resources */ = {isa = PBXBuildFile; fileRef = A1B2C3D401F0A00100000003 /* InfoPlist.strings */; };
		A1B2C3D401F0A0010000000B /* Localizable.strings in Resources */ = {isa = PBXBuildFile; fileRef = A1B2C3D401F0A00100000008 /* Localizable.strings */; };
		2FAD9763203C412B000D30F8 /* config.xml in Resources */ = {isa = PBXBuildFile; fileRef = 2FAD9762203C412B000D30F8 /* config.xml */; };
		50379B232058CBB4000EE86E /* capacitor.config.json in Resources */ = {isa = PBXBuildFile; fileRef = 50379B222058CBB4000EE86E /* capacitor.config.json */; };
		504EC3081FED79650016851F /* AppDelegate.swift in Sources */ = {isa = PBXBuildFile; fileRef = 504EC3071FED79650016851F /* AppDelegate.swift */; };
		B2C3D4E501F0A00200000002 /* AttTrackingCoordinator.swift in Sources */ = {isa = PBXBuildFile; fileRef = B2C3D4E501F0A00200000001 /* AttTrackingCoordinator.swift */; };
		504EC30D1FED79650016851F /* Main.storyboard in Resources */ = {isa = PBXBuildFile; fileRef = 504EC30B1FED79650016851F /* Main.storyboard */; };
		504EC30F1FED79650016851F /* Assets.xcassets in Resources */ = {isa = PBXBuildFile; fileRef = 504EC30E1FED79650016851F /* Assets.xcassets */; };
		504EC3121FED79650016851F /* LaunchScreen.storyboard in Resources */ = {isa = PBXBuildFile; fileRef = 504EC3101FED79650016851F /* LaunchScreen.storyboard */; };
		50B271D11FEDC1A000F3C39B /* public in Resources */ = {isa = PBXBuildFile; fileRef = 50B271D01FEDC1A000F3C39B /* public */; };
		A084ECDBA7D38E1E42DFC39D /* Pods_App.framework in Frameworks */ = {isa = PBXBuildFile; fileRef = AF277DCFFFF123FFC6DF26C7 /* Pods_App.framework */; };
		R45D01101FED79650016851 /* WidgetRoutineBundle.swift in Sources */ = {isa = PBXBuildFile; fileRef = R45D01111FED79650016851 /* WidgetRoutineBundle.swift */; };
		R45D01121FED79650016851 /* NextRoutineWidget.swift in Sources */ = {isa = PBXBuildFile; fileRef = R45D01131FED79650016851 /* NextRoutineWidget.swift */; };
		R45D01141FED79650016851 /* WidgetAPIClient.swift in Sources */ = {isa = PBXBuildFile; fileRef = R45D01151FED79650016851 /* WidgetAPIClient.swift */; };
		R45D01161FED79650016851 /* WidgetModels.swift in Sources */ = {isa = PBXBuildFile; fileRef = R45D01171FED79650016851 /* WidgetModels.swift */; };
		R45D01181FED79650016851 /* WidgetEntryBuilder.swift in Sources */ = {isa = PBXBuildFile; fileRef = R45D01191FED79650016851 /* WidgetEntryBuilder.swift */; };
		R45D011A1FED79650016851 /* WidgetL10n.swift in Sources */ = {isa = PBXBuildFile; fileRef = R45D011B1FED79650016851 /* WidgetL10n.swift */; };
		R45D011C1FED79650016851 /* WidgetPictogramMap.swift in Sources */ = {isa = PBXBuildFile; fileRef = R45D011D1FED79650016851 /* WidgetPictogramMap.swift */; };
		R45D011E1FED79650016851 /* WidgetIntents.swift in Sources */ = {isa = PBXBuildFile; fileRef = R45D011F1FED79650016851 /* WidgetIntents.swift */; };
		R45D01201FED79650016851 /* WidgetBackgroundModifier.swift in Sources */ = {isa = PBXBuildFile; fileRef = R45D01211FED79650016851 /* WidgetBackgroundModifier.swift */; };
		R45D01221FED79650016851 /* WidgetBridgeStore.swift in Sources */ = {isa = PBXBuildFile; fileRef = R45D01231FED79650016851 /* WidgetBridgeStore.swift */; };
		R45D01241FED79650016851 /* Assets.xcassets in Resources */ = {isa = PBXBuildFile; fileRef = R45D01251FED79650016851 /* Assets.xcassets */; };
		R45D01081FED79650016851 /* WidgetRoutine.appex in Embed Foundation Extensions */ = {isa = PBXBuildFile; fileRef = R45D01001FED79650016851 /* WidgetRoutine.appex */; settings = {ATTRIBUTES = (RemoveHeadersOnCopy, ); }; };
/* End PBXBuildFile section */

/* Begin PBXFileReference section */
		A1B2C3D401F0A00100000001 /* sv */ = {isa = PBXFileReference; lastKnownFileType = text.plist.strings; name = sv; path = sv.lproj/InfoPlist.strings; sourceTree = "<group>"; };
		A1B2C3D401F0A00100000006 /* en-GB */ = {isa = PBXFileReference; lastKnownFileType = text.plist.strings; name = "en-GB"; path = "en-GB.lproj/InfoPlist.strings"; sourceTree = "<group>"; };
		A1B2C3D401F0A00100000009 /* sv */ = {isa = PBXFileReference; lastKnownFileType = text.plist.strings; name = sv; path = sv.lproj/Localizable.strings; sourceTree = "<group>"; };
		A1B2C3D401F0A0010000000A /* en-GB */ = {isa = PBXFileReference; lastKnownFileType = text.plist.strings; name = "en-GB"; path = "en-GB.lproj/Localizable.strings"; sourceTree = "<group>"; };
		2FAD9762203C412B000D30F8 /* config.xml */ = {isa = PBXFileReference; lastKnownFileType = text.xml; path = config.xml; sourceTree = "<group>"; };
		50379B222058CBB4000EE86E /* capacitor.config.json */ = {isa = PBXFileReference; fileEncoding = 4; lastKnownFileType = text.json; path = capacitor.config.json; sourceTree = "<group>"; };
		504EC3041FED79650016851F /* App.app */ = {isa = PBXFileReference; explicitFileType = wrapper.application; includeInIndex = 0; path = App.app; sourceTree = BUILT_PRODUCTS_DIR; };
		504EC3071FED79650016851F /* AppDelegate.swift */ = {isa = PBXFileReference; lastKnownFileType = sourcecode.swift; path = AppDelegate.swift; sourceTree = "<group>"; };
		B2C3D4E501F0A00200000001 /* AttTrackingCoordinator.swift */ = {isa = PBXFileReference; lastKnownFileType = sourcecode.swift; path = AttTrackingCoordinator.swift; sourceTree = "<group>"; };
		504EC30C1FED79650016851F /* Base */ = {isa = PBXFileReference; lastKnownFileType = file.storyboard; name = Base; path = Base.lproj/Main.storyboard; sourceTree = "<group>"; };
		504EC30E1FED79650016851F /* Assets.xcassets */ = {isa = PBXFileReference; lastKnownFileType = folder.assetcatalog; path = Assets.xcassets; sourceTree = "<group>"; };
		504EC3111FED79650016851F /* Base */ = {isa = PBXFileReference; lastKnownFileType = file.storyboard; name = Base; path = Base.lproj/LaunchScreen.storyboard; sourceTree = "<group>"; };
		504EC3131FED79650016851F /* Info.plist */ = {isa = PBXFileReference; lastKnownFileType = text.plist.xml; path = Info.plist; sourceTree = "<group>"; };
		50B271D01FEDC1A000F3C39B /* public */ = {isa = PBXFileReference; lastKnownFileType = folder; path = public; sourceTree = "<group>"; };
		AF277DCFFFF123FFC6DF26C7 /* Pods_App.framework */ = {isa = PBXFileReference; explicitFileType = wrapper.framework; includeInIndex = 0; path = Pods_App.framework; sourceTree = BUILT_PRODUCTS_DIR; };
		AF51FD2D460BCFE21FA515B2 /* Pods-App.release.xcconfig */ = {isa = PBXFileReference; includeInIndex = 1; lastKnownFileType = text.xcconfig; name = "Pods-App.release.xcconfig"; path = "Pods/Target Support Files/Pods-App/Pods-App.release.xcconfig"; sourceTree = "<group>"; };
		FC68EB0AF532CFC21C3344DD /* Pods-App.debug.xcconfig */ = {isa = PBXFileReference; includeInIndex = 1; lastKnownFileType = text.xcconfig; name = "Pods-App.debug.xcconfig"; path = "Pods/Target Support Files/Pods-App/Pods-App.debug.xcconfig"; sourceTree = "<group>"; };
		504EC3191FED79650016851F /* App.entitlements */ = {isa = PBXFileReference; lastKnownFileType = text.plist.entitlements; path = App.entitlements; sourceTree = "<group>"; };
		R45D01001FED79650016851 /* WidgetRoutine.appex */ = {isa = PBXFileReference; explicitFileType = "wrapper.app-extension"; includeInIndex = 0; path = WidgetRoutine.appex; sourceTree = BUILT_PRODUCTS_DIR; };
		R45D01111FED79650016851 /* WidgetRoutineBundle.swift */ = {isa = PBXFileReference; lastKnownFileType = sourcecode.swift; path = WidgetRoutineBundle.swift; sourceTree = "<group>"; };
		R45D01131FED79650016851 /* NextRoutineWidget.swift */ = {isa = PBXFileReference; lastKnownFileType = sourcecode.swift; path = NextRoutineWidget.swift; sourceTree = "<group>"; };
		R45D01151FED79650016851 /* WidgetAPIClient.swift */ = {isa = PBXFileReference; lastKnownFileType = sourcecode.swift; path = WidgetAPIClient.swift; sourceTree = "<group>"; };
		R45D01171FED79650016851 /* WidgetModels.swift */ = {isa = PBXFileReference; lastKnownFileType = sourcecode.swift; path = WidgetModels.swift; sourceTree = "<group>"; };
		R45D01191FED79650016851 /* WidgetEntryBuilder.swift */ = {isa = PBXFileReference; lastKnownFileType = sourcecode.swift; path = WidgetEntryBuilder.swift; sourceTree = "<group>"; };
		R45D011B1FED79650016851 /* WidgetL10n.swift */ = {isa = PBXFileReference; lastKnownFileType = sourcecode.swift; path = WidgetL10n.swift; sourceTree = "<group>"; };
		R45D011D1FED79650016851 /* WidgetPictogramMap.swift */ = {isa = PBXFileReference; lastKnownFileType = sourcecode.swift; path = WidgetPictogramMap.swift; sourceTree = "<group>"; };
		R45D011F1FED79650016851 /* WidgetIntents.swift */ = {isa = PBXFileReference; lastKnownFileType = sourcecode.swift; path = WidgetIntents.swift; sourceTree = "<group>"; };
		R45D01211FED79650016851 /* WidgetBackgroundModifier.swift */ = {isa = PBXFileReference; lastKnownFileType = sourcecode.swift; path = WidgetBackgroundModifier.swift; sourceTree = "<group>"; };
		R45D01231FED79650016851 /* WidgetBridgeStore.swift */ = {isa = PBXFileReference; lastKnownFileType = sourcecode.swift; name = WidgetBridgeStore.swift; path = ../../plugins/capacitor-widget-bridge/ios/Plugin/WidgetBridgeStore.swift; sourceTree = "<group>"; };
		R45D01261FED79650016851 /* Info.plist */ = {isa = PBXFileReference; lastKnownFileType = text.plist.xml; path = Info.plist; sourceTree = "<group>"; };
		R45D01271FED79650016851 /* WidgetRoutine.entitlements */ = {isa = PBXFileReference; lastKnownFileType = text.plist.entitlements; path = WidgetRoutine.entitlements; sourceTree = "<group>"; };
		R45D01251FED79650016851 /* Assets.xcassets */ = {isa = PBXFileReference; lastKnownFileType = folder.assetcatalog; path = Assets.xcassets; sourceTree = "<group>"; };
/* End PBXFileReference section */

/* Begin PBXFrameworksBuildPhase section */
		504EC3011FED79650016851F /* Frameworks */ = {
			isa = PBXFrameworksBuildPhase;
			buildActionMask = 2147483647;
			files = (
				A084ECDBA7D38E1E42DFC39D /* Pods_App.framework in Frameworks */,
			);
			runOnlyForDeploymentPostprocessing = 0;
		};
		R45D01041FED79650016851 /* Frameworks */ = {
			isa = PBXFrameworksBuildPhase;
			buildActionMask = 2147483647;
			files = (
			);
			runOnlyForDeploymentPostprocessing = 0;
		};
/* End PBXFrameworksBuildPhase section */

/* Begin PBXGroup section */
		27E2DDA53C4D2A4D1A88CE4A /* Frameworks */ = {
			isa = PBXGroup;
			children = (
				AF277DCFFFF123FFC6DF26C7 /* Pods_App.framework */,
			);
			name = Frameworks;
			sourceTree = "<group>";
		};
		504EC2FB1FED79650016851F = {
			isa = PBXGroup;
			children = (
				504EC3061FED79650016851F /* App */,
				R45D01071FED79650016851 /* WidgetRoutine */,
				504EC3051FED79650016851F /* Products */,
				7F8756D8B27F46E3366F6CEA /* Pods */,
				27E2DDA53C4D2A4D1A88CE4A /* Frameworks */,
			);
			sourceTree = "<group>";
		};
		504EC3051FED79650016851F /* Products */ = {
			isa = PBXGroup;
			children = (
				504EC3041FED79650016851F /* App.app */,
				R45D01001FED79650016851 /* WidgetRoutine.appex */,
			);
			name = Products;
			sourceTree = "<group>";
		};
		504EC3061FED79650016851F /* App */ = {
			isa = PBXGroup;
			children = (
				50379B222058CBB4000EE86E /* capacitor.config.json */,
				504EC3071FED79650016851F /* AppDelegate.swift */,
				B2C3D4E501F0A00200000001 /* AttTrackingCoordinator.swift */,
				504EC30B1FED79650016851F /* Main.storyboard */,
				504EC30E1FED79650016851F /* Assets.xcassets */,
				504EC3101FED79650016851F /* LaunchScreen.storyboard */,
				504EC3131FED79650016851F /* Info.plist */,
				A1B2C3D401F0A00100000003 /* InfoPlist.strings */,
				A1B2C3D401F0A00100000008 /* Localizable.strings */,
				504EC3191FED79650016851F /* App.entitlements */,
				2FAD9762203C412B000D30F8 /* config.xml */,
				50B271D01FEDC1A000F3C39B /* public */,
			);
			path = App;
			sourceTree = "<group>";
		};
		7F8756D8B27F46E3366F6CEA /* Pods */ = {
			isa = PBXGroup;
			children = (
				FC68EB0AF532CFC21C3344DD /* Pods-App.debug.xcconfig */,
				AF51FD2D460BCFE21FA515B2 /* Pods-App.release.xcconfig */,
			);
			name = Pods;
			sourceTree = "<group>";
		};
		R45D01071FED79650016851 /* WidgetRoutine */ = {
			isa = PBXGroup;
			children = (
				R45D01111FED79650016851 /* WidgetRoutineBundle.swift */,
				R45D01131FED79650016851 /* NextRoutineWidget.swift */,
				R45D01151FED79650016851 /* WidgetAPIClient.swift */,
				R45D01171FED79650016851 /* WidgetModels.swift */,
				R45D01191FED79650016851 /* WidgetEntryBuilder.swift */,
				R45D011B1FED79650016851 /* WidgetL10n.swift */,
				R45D011D1FED79650016851 /* WidgetPictogramMap.swift */,
				R45D011F1FED79650016851 /* WidgetIntents.swift */,
				R45D01211FED79650016851 /* WidgetBackgroundModifier.swift */,
				R45D01231FED79650016851 /* WidgetBridgeStore.swift */,
				R45D01261FED79650016851 /* Info.plist */,
				R45D01271FED79650016851 /* WidgetRoutine.entitlements */,
				R45D01251FED79650016851 /* Assets.xcassets */,
			);
			path = WidgetRoutine;
			sourceTree = "<group>";
		};
/* End PBXGroup section */

/* Begin PBXNativeTarget section */
		504EC3031FED79650016851F /* App */ = {
			isa = PBXNativeTarget;
			buildConfigurationList = 504EC3161FED79650016851F /* Build configuration list for PBXNativeTarget "App" */;
			buildPhases = (
				6634F4EFEBD30273BCE97C65 /* [CP] Check Pods Manifest.lock */,
				504EC3001FED79650016851F /* Sources */,
				504EC3011FED79650016851F /* Frameworks */,
				504EC3021FED79650016851F /* Resources */,
				R45D01051FED79650016851 /* Embed Foundation Extensions */,
				9592DBEFFC6D2A0C8D5DEB22 /* [CP] Embed Pods Frameworks */,
			);
			buildRules = (
			);
			dependencies = (
				R45D01061FED79650016851 /* PBXTargetDependency */,
			);
			name = App;
			productName = App;
			productReference = 504EC3041FED79650016851F /* App.app */;
			productType = "com.apple.product-type.application";
		};
		R45D01011FED79650016851 /* WidgetRoutine */ = {
			isa = PBXNativeTarget;
			buildConfigurationList = R45D02021FED79650016851 /* Build configuration list for PBXNativeTarget "WidgetRoutine" */;
			buildPhases = (
				R45D01021FED79650016851 /* Sources */,
				R45D01041FED79650016851 /* Frameworks */,
				R45D01031FED79650016851 /* Resources */,
			);
			buildRules = (
			);
			dependencies = (
			);
			name = WidgetRoutine;
			productName = WidgetRoutine;
			productReference = R45D01001FED79650016851 /* WidgetRoutine.appex */;
			productType = "com.apple.product-type.app-extension";
		};
/* End PBXNativeTarget section */

/* Begin PBXProject section */
		504EC2FC1FED79650016851F /* Project object */ = {
			isa = PBXProject;
			attributes = {
				LastSwiftUpdateCheck = 0920;
				LastUpgradeCheck = 0920;
				TargetAttributes = {
					R45D01011FED79650016851 = {
						CreatedOnToolsVersion = 15.0;
						ProvisioningStyle = Automatic;
					};
					504EC3031FED79650016851F = {
						CreatedOnToolsVersion = 9.2;
						LastSwiftMigration = 1100;
						ProvisioningStyle = Automatic;
					};
				};
			};
			buildConfigurationList = 504EC2FF1FED79650016851F /* Build configuration list for PBXProject "App" */;
			compatibilityVersion = "Xcode 8.0";
			developmentRegion = sv;
			hasScannedForEncodings = 0;
			knownRegions = (
				sv,
				Base,
			);
			mainGroup = 504EC2FB1FED79650016851F;
			packageReferences = (
			);
			productRefGroup = 504EC3051FED79650016851F /* Products */;
			projectDirPath = "";
			projectRoot = "";
			targets = (
				504EC3031FED79650016851F /* App */,
				R45D01011FED79650016851 /* WidgetRoutine */,
			);
		};
/* End PBXProject section */

/* Begin PBXResourcesBuildPhase section */
		504EC3021FED79650016851F /* Resources */ = {
			isa = PBXResourcesBuildPhase;
			buildActionMask = 2147483647;
			files = (
				504EC3121FED79650016851F /* LaunchScreen.storyboard in Resources */,
				A1B2C3D401F0A00100000004 /* InfoPlist.strings in Resources */,
				A1B2C3D401F0A0010000000B /* Localizable.strings in Resources */,
				50B271D11FEDC1A000F3C39B /* public in Resources */,
				504EC30F1FED79650016851F /* Assets.xcassets in Resources */,
				50379B232058CBB4000EE86E /* capacitor.config.json in Resources */,
				504EC30D1FED79650016851F /* Main.storyboard in Resources */,
				2FAD9763203C412B000D30F8 /* config.xml in Resources */,
			);
			runOnlyForDeploymentPostprocessing = 0;
		};
		R45D01031FED79650016851 /* Resources */ = {
			isa = PBXResourcesBuildPhase;
			buildActionMask = 2147483647;
			files = (
				R45D01241FED79650016851 /* Assets.xcassets in Resources */,
			);
			runOnlyForDeploymentPostprocessing = 0;
		};
/* End PBXResourcesBuildPhase section */

/* Begin PBXShellScriptBuildPhase section */
		6634F4EFEBD30273BCE97C65 /* [CP] Check Pods Manifest.lock */ = {
			isa = PBXShellScriptBuildPhase;
			buildActionMask = 2147483647;
			files = (
			);
			inputPaths = (
				"${PODS_PODFILE_DIR_PATH}/Podfile.lock",
				"${PODS_ROOT}/Manifest.lock",
			);
			name = "[CP] Check Pods Manifest.lock";
			outputPaths = (
				"$(DERIVED_FILE_DIR)/Pods-App-checkManifestLockResult.txt",
			);
			runOnlyForDeploymentPostprocessing = 0;
			shellPath = /bin/sh;
			shellScript = "diff \"${PODS_PODFILE_DIR_PATH}/Podfile.lock\" \"${PODS_ROOT}/Manifest.lock\" > /dev/null\nif [ $? != 0 ] ; then\n    # print error to STDERR\n    echo \"error: The sandbox is not in sync with the Podfile.lock. Run 'pod install' or update your CocoaPods installation.\" >&2\n    exit 1\nfi\n# This output is used by Xcode 'outputs' to avoid re-running this script phase.\necho \"SUCCESS\" > \"${SCRIPT_OUTPUT_FILE_0}\"\n";
			showEnvVarsInLog = 0;
		};
		9592DBEFFC6D2A0C8D5DEB22 /* [CP] Embed Pods Frameworks */ = {
			isa = PBXShellScriptBuildPhase;
			buildActionMask = 2147483647;
			files = (
			);
			inputPaths = (
			);
			name = "[CP] Embed Pods Frameworks";
			outputPaths = (
			);
			runOnlyForDeploymentPostprocessing = 0;
			shellPath = /bin/sh;
			shellScript = "\"${PODS_ROOT}/Target Support Files/Pods-App/Pods-App-frameworks.sh\"\n";
			showEnvVarsInLog = 0;
		};
/* End PBXShellScriptBuildPhase section */

/* Begin PBXSourcesBuildPhase section */
		504EC3001FED79650016851F /* Sources */ = {
			isa = PBXSourcesBuildPhase;
			buildActionMask = 2147483647;
			files = (
				504EC3081FED79650016851F /* AppDelegate.swift in Sources */,
				B2C3D4E501F0A00200000002 /* AttTrackingCoordinator.swift in Sources */,
			);
			runOnlyForDeploymentPostprocessing = 0;
		};
		R45D01021FED79650016851 /* Sources */ = {
			isa = PBXSourcesBuildPhase;
			buildActionMask = 2147483647;
			files = (
				R45D01101FED79650016851 /* WidgetRoutineBundle.swift in Sources */,
				R45D01121FED79650016851 /* NextRoutineWidget.swift in Sources */,
				R45D01141FED79650016851 /* WidgetAPIClient.swift in Sources */,
				R45D01161FED79650016851 /* WidgetModels.swift in Sources */,
				R45D01181FED79650016851 /* WidgetEntryBuilder.swift in Sources */,
				R45D011A1FED79650016851 /* WidgetL10n.swift in Sources */,
				R45D011C1FED79650016851 /* WidgetPictogramMap.swift in Sources */,
				R45D011E1FED79650016851 /* WidgetIntents.swift in Sources */,
				R45D01201FED79650016851 /* WidgetBackgroundModifier.swift in Sources */,
				R45D01221FED79650016851 /* WidgetBridgeStore.swift in Sources */,
			);
			runOnlyForDeploymentPostprocessing = 0;
		};
/* End PBXSourcesBuildPhase section */

/* Begin PBXCopyFilesBuildPhase section */
		R45D01051FED79650016851 /* Embed Foundation Extensions */ = {
			isa = PBXCopyFilesBuildPhase;
			buildActionMask = 2147483647;
			dstPath = "";
			dstSubfolderSpec = 13;
			files = (
				R45D01081FED79650016851 /* WidgetRoutine.appex in Embed Foundation Extensions */,
			);
			name = "Embed Foundation Extensions";
			runOnlyForDeploymentPostprocessing = 0;
		};
/* End PBXCopyFilesBuildPhase section */

/* Begin PBXContainerItemProxy section */
		R45D01091FED79650016851 /* PBXContainerItemProxy */ = {
			isa = PBXContainerItemProxy;
			containerPortal = 504EC2FC1FED79650016851F /* Project object */;
			proxyType = 1;
			remoteGlobalIDString = R45D01011FED79650016851;
			remoteInfo = WidgetRoutine;
		};
/* End PBXContainerItemProxy section */

/* Begin PBXTargetDependency section */
		R45D01061FED79650016851 /* PBXTargetDependency */ = {
			isa = PBXTargetDependency;
			target = R45D01011FED79650016851 /* WidgetRoutine */;
			targetProxy = R45D01091FED79650016851 /* PBXContainerItemProxy */;
		};
/* End PBXTargetDependency section */

/* Begin PBXVariantGroup section */
		A1B2C3D401F0A00100000003 /* InfoPlist.strings */ = {
			isa = PBXVariantGroup;
			children = (
				A1B2C3D401F0A00100000001 /* sv */,
				A1B2C3D401F0A00100000006 /* en-GB */,
			);
			name = InfoPlist.strings;
			sourceTree = "<group>";
		};
		A1B2C3D401F0A00100000008 /* Localizable.strings */ = {
			isa = PBXVariantGroup;
			children = (
				A1B2C3D401F0A00100000009 /* sv */,
				A1B2C3D401F0A0010000000A /* en-GB */,
			);
			name = Localizable.strings;
			sourceTree = "<group>";
		};
		504EC30B1FED79650016851F /* Main.storyboard */ = {
			isa = PBXVariantGroup;
			children = (
				504EC30C1FED79650016851F /* Base */,
			);
			name = Main.storyboard;
			sourceTree = "<group>";
		};
		504EC3101FED79650016851F /* LaunchScreen.storyboard */ = {
			isa = PBXVariantGroup;
			children = (
				504EC3111FED79650016851F /* Base */,
			);
			name = LaunchScreen.storyboard;
			sourceTree = "<group>";
		};
/* End PBXVariantGroup section */

/* Begin XCBuildConfiguration section */
		504EC3141FED79650016851F /* Debug */ = {
			isa = XCBuildConfiguration;
			buildSettings = {
				ALWAYS_SEARCH_USER_PATHS = NO;
				CLANG_ANALYZER_NONNULL = YES;
				CLANG_ANALYZER_NUMBER_OBJECT_CONVERSION = YES_AGGRESSIVE;
				CLANG_CXX_LANGUAGE_STANDARD = "gnu++14";
				CLANG_CXX_LIBRARY = "libc++";
				CLANG_ENABLE_MODULES = YES;
				CLANG_ENABLE_OBJC_ARC = YES;
				CLANG_WARN_BLOCK_CAPTURE_AUTORELEASING = YES;
				CLANG_WARN_BOOL_CONVERSION = YES;
				CLANG_WARN_COMMA = YES;
				CLANG_WARN_CONSTANT_CONVERSION = YES;
				CLANG_WARN_DIRECT_OBJC_ISA_USAGE = YES_ERROR;
				CLANG_WARN_DOCUMENTATION_COMMENTS = YES;
				CLANG_WARN_EMPTY_BODY = YES;
				CLANG_WARN_ENUM_CONVERSION = YES;
				CLANG_WARN_INFINITE_RECURSION = YES;
				CLANG_WARN_INT_CONVERSION = YES;
				CLANG_WARN_NON_LITERAL_NULL_CONVERSION = YES;
				CLANG_WARN_OBJC_LITERAL_CONVERSION = YES;
				CLANG_WARN_OBJC_ROOT_CLASS = YES_ERROR;
				CLANG_WARN_RANGE_LOOP_ANALYSIS = YES;
				CLANG_WARN_STRICT_PROTOTYPES = YES;
				CLANG_WARN_SUSPICIOUS_MOVE = YES;
				CLANG_WARN_UNGUARDED_AVAILABILITY = YES_AGGRESSIVE;
				CLANG_WARN_UNREACHABLE_CODE = YES;
				CLANG_WARN__DUPLICATE_METHOD_MATCH = YES;
				CODE_SIGN_IDENTITY = "iPhone Developer";
				COPY_PHASE_STRIP = NO;
				DEBUG_INFORMATION_FORMAT = dwarf;
				ENABLE_STRICT_OBJC_MSGSEND = YES;
				ENABLE_TESTABILITY = YES;
				GCC_C_LANGUAGE_STANDARD = gnu11;
				GCC_DYNAMIC_NO_PIC = NO;
				GCC_NO_COMMON_BLOCKS = YES;
				GCC_OPTIMIZATION_LEVEL = 0;
				GCC_PREPROCESSOR_DEFINITIONS = (
					"DEBUG=1",
					"$(inherited)",
				);
				GCC_WARN_64_TO_32_BIT_CONVERSION = YES;
				GCC_WARN_ABOUT_RETURN_TYPE = YES_ERROR;
				GCC_WARN_UNDECLARED_SELECTOR = YES;
				GCC_WARN_UNINITIALIZED_AUTOS = YES_AGGRESSIVE;
				GCC_WARN_UNUSED_FUNCTION = YES;
				GCC_WARN_UNUSED_VARIABLE = YES;
				IPHONEOS_DEPLOYMENT_TARGET = 14.0;
				MTL_ENABLE_DEBUG_INFO = YES;
				ONLY_ACTIVE_ARCH = YES;
				SDKROOT = iphoneos;
				SWIFT_ACTIVE_COMPILATION_CONDITIONS = DEBUG;
				SWIFT_OPTIMIZATION_LEVEL = "-Onone";
			ENABLE_USER_SCRIPT_SANDBOXING = NO;
			};
			name = Debug;
		};
		504EC3151FED79650016851F /* Release */ = {
			isa = XCBuildConfiguration;
			buildSettings = {
				ALWAYS_SEARCH_USER_PATHS = NO;
				CLANG_ANALYZER_NONNULL = YES;
				CLANG_ANALYZER_NUMBER_OBJECT_CONVERSION = YES_AGGRESSIVE;
				CLANG_CXX_LANGUAGE_STANDARD = "gnu++14";
				CLANG_CXX_LIBRARY = "libc++";
				CLANG_ENABLE_MODULES = YES;
				CLANG_ENABLE_OBJC_ARC = YES;
				CLANG_WARN_BLOCK_CAPTURE_AUTORELEASING = YES;
				CLANG_WARN_BOOL_CONVERSION = YES;
				CLANG_WARN_COMMA = YES;
				CLANG_WARN_CONSTANT_CONVERSION = YES;
				CLANG_WARN_DIRECT_OBJC_ISA_USAGE = YES_ERROR;
				CLANG_WARN_DOCUMENTATION_COMMENTS = YES;
				CLANG_WARN_EMPTY_BODY = YES;
				CLANG_WARN_ENUM_CONVERSION = YES;
				CLANG_WARN_INFINITE_RECURSION = YES;
				CLANG_WARN_INT_CONVERSION = YES;
				CLANG_WARN_NON_LITERAL_NULL_CONVERSION = YES;
				CLANG_WARN_OBJC_LITERAL_CONVERSION = YES;
				CLANG_WARN_OBJC_ROOT_CLASS = YES_ERROR;
				CLANG_WARN_RANGE_LOOP_ANALYSIS = YES;
				CLANG_WARN_STRICT_PROTOTYPES = YES;
				CLANG_WARN_SUSPICIOUS_MOVE = YES;
				CLANG_WARN_UNGUARDED_AVAILABILITY = YES_AGGRESSIVE;
				CLANG_WARN_UNREACHABLE_CODE = YES;
				CLANG_WARN__DUPLICATE_METHOD_MATCH = YES;
				CODE_SIGN_IDENTITY = "iPhone Developer";
				COPY_PHASE_STRIP = NO;
				DEBUG_INFORMATION_FORMAT = "dwarf-with-dsym";
				ENABLE_NS_ASSERTIONS = NO;
				ENABLE_STRICT_OBJC_MSGSEND = YES;
				GCC_C_LANGUAGE_STANDARD = gnu11;
				GCC_NO_COMMON_BLOCKS = YES;
				GCC_WARN_64_TO_32_BIT_CONVERSION = YES;
				GCC_WARN_ABOUT_RETURN_TYPE = YES_ERROR;
				GCC_WARN_UNDECLARED_SELECTOR = YES;
				GCC_WARN_UNINITIALIZED_AUTOS = YES_AGGRESSIVE;
				GCC_WARN_UNUSED_FUNCTION = YES;
				GCC_WARN_UNUSED_VARIABLE = YES;
				IPHONEOS_DEPLOYMENT_TARGET = 14.0;
				MTL_ENABLE_DEBUG_INFO = NO;
				SDKROOT = iphoneos;
				SWIFT_OPTIMIZATION_LEVEL = "-Owholemodule";
				VALIDATE_PRODUCT = YES;
			ENABLE_USER_SCRIPT_SANDBOXING = NO;
			};
			name = Release;
		};
		504EC3171FED79650016851F /* Debug */ = {
			isa = XCBuildConfiguration;
			baseConfigurationReference = FC68EB0AF532CFC21C3344DD /* Pods-App.debug.xcconfig */;
			buildSettings = {
				ASSETCATALOG_COMPILER_APPICON_NAME = AppIcon;
				CODE_SIGN_STYLE = Automatic;
				CURRENT_PROJECT_VERSION = 29;
				INFOPLIST_FILE = App/Info.plist;
				CODE_SIGN_ENTITLEMENTS = App/App.entitlements;
				IPHONEOS_DEPLOYMENT_TARGET = 14.0;
				LD_RUNPATH_SEARCH_PATHS = "$(inherited) @executable_path/Frameworks";
				MARKETING_VERSION = 1.3;
				OTHER_SWIFT_FLAGS = "$(inherited) \"-D\" \"COCOAPODS\" \"-DDEBUG\"";
				PRODUCT_BUNDLE_IDENTIFIER = se.mystarday.app; // pragma: allowlist secret
				PRODUCT_NAME = "$(TARGET_NAME)";
				SWIFT_ACTIVE_COMPILATION_CONDITIONS = DEBUG;
				SWIFT_VERSION = 5.0;
				TARGETED_DEVICE_FAMILY = "1,2";
			ENABLE_USER_SCRIPT_SANDBOXING = NO;
			};
			name = Debug;
		};
		504EC3181FED79650016851F /* Release */ = {
			isa = XCBuildConfiguration;
			baseConfigurationReference = AF51FD2D460BCFE21FA515B2 /* Pods-App.release.xcconfig */;
			buildSettings = {
				ASSETCATALOG_COMPILER_APPICON_NAME = AppIcon;
				CODE_SIGN_STYLE = Automatic;
				CURRENT_PROJECT_VERSION = 29;
				INFOPLIST_FILE = App/Info.plist;
				CODE_SIGN_ENTITLEMENTS = App/App.entitlements;
				IPHONEOS_DEPLOYMENT_TARGET = 14.0;
				LD_RUNPATH_SEARCH_PATHS = "$(inherited) @executable_path/Frameworks";
				MARKETING_VERSION = 1.3;
				PRODUCT_BUNDLE_IDENTIFIER = se.mystarday.app; // pragma: allowlist secret
				PRODUCT_NAME = "$(TARGET_NAME)";
				SWIFT_ACTIVE_COMPILATION_CONDITIONS = "";
				SWIFT_VERSION = 5.0;
				TARGETED_DEVICE_FAMILY = "1,2";
			ENABLE_USER_SCRIPT_SANDBOXING = NO;
			};
			name = Release;
		};
		R45D02001FED79650016851 /* Debug */ = {
			isa = XCBuildConfiguration;
			buildSettings = {
				APPLICATION_EXTENSION_API_ONLY = YES;
				CODE_SIGN_ENTITLEMENTS = WidgetRoutine/WidgetRoutine.entitlements;
				CODE_SIGN_STYLE = Automatic;
				CURRENT_PROJECT_VERSION = 29;
				INFOPLIST_FILE = WidgetRoutine/Info.plist;
				IPHONEOS_DEPLOYMENT_TARGET = 14.0;
				LD_RUNPATH_SEARCH_PATHS = "$(inherited) @executable_path/Frameworks @executable_path/../../Frameworks";
				MARKETING_VERSION = 1.3;
				PRODUCT_BUNDLE_IDENTIFIER = "$(WIDGET_PARENT_BUNDLE_ID).WidgetRoutine";
				PRODUCT_NAME = "$(TARGET_NAME)";
				SKIP_INSTALL = YES;
				SWIFT_VERSION = 5.0;
				TARGETED_DEVICE_FAMILY = "1,2";
			};
			name = Debug;
		};
		R45D02011FED79650016851 /* Release */ = {
			isa = XCBuildConfiguration;
			buildSettings = {
				APPLICATION_EXTENSION_API_ONLY = YES;
				CODE_SIGN_ENTITLEMENTS = WidgetRoutine/WidgetRoutine.entitlements;
				CODE_SIGN_STYLE = Automatic;
				CURRENT_PROJECT_VERSION = 29;
				INFOPLIST_FILE = WidgetRoutine/Info.plist;
				IPHONEOS_DEPLOYMENT_TARGET = 14.0;
				LD_RUNPATH_SEARCH_PATHS = "$(inherited) @executable_path/Frameworks @executable_path/../../Frameworks";
				MARKETING_VERSION = 1.3;
				PRODUCT_BUNDLE_IDENTIFIER = "$(WIDGET_PARENT_BUNDLE_ID).WidgetRoutine";
				PRODUCT_NAME = "$(TARGET_NAME)";
				SKIP_INSTALL = YES;
				SWIFT_VERSION = 5.0;
				TARGETED_DEVICE_FAMILY = "1,2";
			};
			name = Release;
		};
		R45D02021FED79650016851 /* Build configuration list for PBXNativeTarget "WidgetRoutine" */ = {
			isa = XCConfigurationList;
			buildConfigurations = (
				R45D02001FED79650016851 /* Debug */,
				R45D02011FED79650016851 /* Release */,
			);
			defaultConfigurationIsVisible = 0;
			defaultConfigurationName = Release;
		};
/* R4.5d/* End XCBuildConfiguration section */

/* Begin XCConfigurationList section */
		504EC2FF1FED79650016851F /* Build configuration list for PBXProject "App" */ = {
			isa = XCConfigurationList;
			buildConfigurations = (
				504EC3141FED79650016851F /* Debug */,
				504EC3151FED79650016851F /* Release */,
			);
			defaultConfigurationIsVisible = 0;
			defaultConfigurationName = Release;
		};
		504EC3161FED79650016851F /* Build configuration list for PBXNativeTarget "App" */ = {
			isa = XCConfigurationList;
			buildConfigurations = (
				504EC3171FED79650016851F /* Debug */,
				504EC3181FED79650016851F /* Release */,
			);
			defaultConfigurationIsVisible = 0;
			defaultConfigurationName = Release;
		};
/* End XCConfigurationList section */
	};
	rootObject = 504EC2FC1FED79650016851F /* Project object */;
}
